
Microsoft Visual Studio Solution File, Format Version 12.00
# Visual Studio Version 17
VisualStudioVersion = 17.13.35825.156
MinimumVisualStudioVersion = 10.0.40219.1
Project("{FAE04EC0-301F-11D3-BF4B-00C04F79EFBC}") = "GYMNETIC.Core", "GYMNETIC.Core.csproj", "{065BE106-AB0A-47D0-9301-D513311ACDE2}"
EndProject
Global
	GlobalSection(SolutionConfigurationPlatforms) = preSolution
		Debug|Any CPU = Debug|Any CPU
		Release|Any CPU = Release|Any CPU
	EndGlobalSection
	GlobalSection(ProjectConfigurationPlatforms) = postSolution
		{065BE106-AB0A-47D0-9301-D513311ACDE2}.Debug|Any CPU.ActiveCfg = Debug|Any CPU
		{065BE106-AB0A-47D0-9301-D513311ACDE2}.Debug|Any CPU.Build.0 = Debug|Any CPU
		{065BE106-AB0A-47D0-9301-D513311ACDE2}.Release|Any CPU.ActiveCfg = Release|Any CPU
		{065BE106-AB0A-47D0-9301-D513311ACDE2}.Release|Any CPU.Build.0 = Release|Any CPU
	EndGlobalSection
	GlobalSection(SolutionProperties) = preSolution
		HideSolutionNode = FALSE
	EndGlobalSection
	GlobalSection(ExtensibilityGlobals) = postSolution
		SolutionGuid = {36D9DBAF-EAE9-46FA-A2E2-0F36CCFCA464}
	EndGlobalSection
EndGlobal
